// !$*UTF8*$!
{
	archiveVersion = 1;
	classes = {
	};
	objectVersion = 48;
	objects = {

/* Begin PBXBuildFile section */
		C9C48A7E1F97DA1700AE9C4C /* Cats.sks in Resources */ = {isa = PBXBuildFile; fileRef = C9C48A7D1F97DA1700AE9C4C /* Cats.sks */; };
		C9C957E31F99160E003A6392 /* backgroundMusic.mp3 in Resources */ = {isa = PBXBuildFile; fileRef = C9D6C5721F97B01600499D12 /* backgroundMusic.mp3 */; };
		C9C957E41F991611003A6392 /* lose.mp3 in Resources */ = {isa = PBXBuildFile; fileRef = C9D6C5731F97B01600499D12 /* lose.mp3 */; };
		C9C957E51F991614003A6392 /* mrreow.mp3 in Resources */ = {isa = PBXBuildFile; fileRef = C9D6C5741F97B01600499D12 /* mrreow.mp3 */; };
		C9C957E61F991618003A6392 /* pop.mp3 in Resources */ = {isa = PBXBuildFile; fileRef = C9D6C5751F97B01600499D12 /* pop.mp3 */; };
		C9C957E71F99161A003A6392 /* win.mp3 in Resources */ = {isa = PBXBuildFile; fileRef = C9D6C5761F97B01600499D12 /* win.mp3 */; };
		C9C957E91F99173E003A6392 /* CatCurl.sks in Resources */ = {isa = PBXBuildFile; fileRef = C9C957E81F99173E003A6392 /* CatCurl.sks */; };
		C9C957EB1F99175E003A6392 /* CatWakeUp.sks in Resources */ = {isa = PBXBuildFile; fileRef = C9C957EA1F99175E003A6392 /* CatWakeUp.sks */; };
		C9D6C55A1F97AEB300499D12 /* AppDelegate.swift in Sources */ = {isa = PBXBuildFile; fileRef = C9D6C5591F97AEB300499D12 /* AppDelegate.swift */; };
		C9D6C55C1F97AEB300499D12 /* GameScene.sks in Resources */ = {isa = PBXBuildFile; fileRef = C9D6C55B1F97AEB300499D12 /* GameScene.sks */; };
		C9D6C55E1F97AEB300499D12 /* Actions.sks in Resources */ = {isa = PBXBuildFile; fileRef = C9D6C55D1F97AEB300499D12 /* Actions.sks */; };
		C9D6C5601F97AEB300499D12 /* GameScene.swift in Sources */ = {isa = PBXBuildFile; fileRef = C9D6C55F1F97AEB300499D12 /* GameScene.swift */; };
		C9D6C5621F97AEB300499D12 /* GameViewController.swift in Sources */ = {isa = PBXBuildFile; fileRef = C9D6C5611F97AEB300499D12 /* GameViewController.swift */; };
		C9D6C5651F97AEB300499D12 /* Main.storyboard in Resources */ = {isa = PBXBuildFile; fileRef = C9D6C5631F97AEB300499D12 /* Main.storyboard */; };
		C9D6C5671F97AEB300499D12 /* Assets.xcassets in Resources */ = {isa = PBXBuildFile; fileRef = C9D6C5661F97AEB300499D12 /* Assets.xcassets */; };
		C9D6C56A1F97AEB300499D12 /* LaunchScreen.storyboard in Resources */ = {isa = PBXBuildFile; fileRef = C9D6C5681F97AEB300499D12 /* LaunchScreen.storyboard */; };
		C9E4553A1F9A592500837512 /* BedNode.swift in Sources */ = {isa = PBXBuildFile; fileRef = C9E455391F9A592500837512 /* BedNode.swift */; };
		C9E4553C1F9A5B1100837512 /* CatNode.swift in Sources */ = {isa = PBXBuildFile; fileRef = C9E4553B1F9A5B1100837512 /* CatNode.swift */; };
/* End PBXBuildFile section */

/* Begin PBXFileReference section */
		C9C48A7D1F97DA1700AE9C4C /* Cats.sks */ = {isa = PBXFileReference; lastKnownFileType = file.sks; path = Cats.sks; sourceTree = "<group>"; };
		C9C957E81F99173E003A6392 /* CatCurl.sks */ = {isa = PBXFileReference; lastKnownFileType = file.sks; path = CatCurl.sks; sourceTree = "<group>"; };
		C9C957EA1F99175E003A6392 /* CatWakeUp.sks */ = {isa = PBXFileReference; lastKnownFileType = file.sks; path = CatWakeUp.sks; sourceTree = "<group>"; };
		C9D6C5561F97AEB300499D12 /* CatNap.app */ = {isa = PBXFileReference; explicitFileType = wrapper.application; includeInIndex = 0; path = CatNap.app; sourceTree = BUILT_PRODUCTS_DIR; };
		C9D6C5591F97AEB300499D12 /* AppDelegate.swift */ = {isa = PBXFileReference; lastKnownFileType = sourcecode.swift; path = AppDelegate.swift; sourceTree = "<group>"; };
		C9D6C55B1F97AEB300499D12 /* GameScene.sks */ = {isa = PBXFileReference; lastKnownFileType = file.sks; path = GameScene.sks; sourceTree = "<group>"; };
		C9D6C55D1F97AEB300499D12 /* Actions.sks */ = {isa = PBXFileReference; lastKnownFileType = file.sks; path = Actions.sks; sourceTree = "<group>"; };
		C9D6C55F1F97AEB300499D12 /* GameScene.swift */ = {isa = PBXFileReference; lastKnownFileType = sourcecode.swift; path = GameScene.swift; sourceTree = "<group>"; };
		C9D6C5611F97AEB300499D12 /* GameViewController.swift */ = {isa = PBXFileReference; lastKnownFileType = sourcecode.swift; path = GameViewController.swift; sourceTree = "<group>"; };
		C9D6C5641F97AEB300499D12 /* Base */ = {isa = PBXFileReference; lastKnownFileType = file.storyboard; name = Base; path = Base.lproj/Main.storyboard; sourceTree = "<group>"; };
		C9D6C5661F97AEB300499D12 /* Assets.xcassets */ = {isa = PBXFileReference; lastKnownFileType = folder.assetcatalog; path = Assets.xcassets; sourceTree = "<group>"; };
		C9D6C5691F97AEB300499D12 /* Base */ = {isa = PBXFileReference; lastKnownFileType = file.storyboard; name = Base; path = Base.lproj/LaunchScreen.storyboard; sourceTree = "<group>"; };
		C9D6C56B1F97AEB300499D12 /* Info.plist */ = {isa = PBXFileReference; lastKnownFileType = text.plist.xml; path = Info.plist; sourceTree = "<group>"; };
		C9D6C5721F97B01600499D12 /* backgroundMusic.mp3 */ = {isa = PBXFileReference; lastKnownFileType = audio.mp3; path = backgroundMusic.mp3; sourceTree = "<group>"; };
		C9D6C5731F97B01600499D12 /* lose.mp3 */ = {isa = PBXFileReference; lastKnownFileType = audio.mp3; path = lose.mp3; sourceTree = "<group>"; };
		C9D6C5741F97B01600499D12 /* mrreow.mp3 */ = {isa = PBXFileReference; lastKnownFileType = audio.mp3; path = mrreow.mp3; sourceTree = "<group>"; };
		C9D6C5751F97B01600499D12 /* pop.mp3 */ = {isa = PBXFileReference; lastKnownFileType = audio.mp3; path = pop.mp3; sourceTree = "<group>"; };
		C9D6C5761F97B01600499D12 /* win.mp3 */ = {isa = PBXFileReference; lastKnownFileType = audio.mp3; path = win.mp3; sourceTree = "<group>"; };
		C9E455391F9A592500837512 /* BedNode.swift */ = {isa = PBXFileReference; lastKnownFileType = sourcecode.swift; path = BedNode.swift; sourceTree = "<group>"; };
		C9E4553B1F9A5B1100837512 /* CatNode.swift */ = {isa = PBXFileReference; lastKnownFileType = sourcecode.swift; path = CatNode.swift; sourceTree = "<group>"; };
/* End PBXFileReference section */

/* Begin PBXFrameworksBuildPhase section */
		C9D6C5531F97AEB300499D12 /* Frameworks */ = {
			isa = PBXFrameworksBuildPhase;
			buildActionMask = 2147483647;
			files = (
			);
			runOnlyForDeploymentPostprocessing = 0;
		};
/* End PBXFrameworksBuildPhase section */

/* Begin PBXGroup section */
		C9C48A7C1F97D9AB00AE9C4C /* Scenes */ = {
			isa = PBXGroup;
			children = (
				C9C957E81F99173E003A6392 /* CatCurl.sks */,
				C9C957EA1F99175E003A6392 /* CatWakeUp.sks */,
				C9C48A7D1F97DA1700AE9C4C /* Cats.sks */,
				C9D6C55B1F97AEB300499D12 /* GameScene.sks */,
				C9D6C5711F97B01600499D12 /* Sounds */,
			);
			path = Scenes;
			sourceTree = "<group>";
		};
		C9D6C54D1F97AEB300499D12 = {
			isa = PBXGroup;
			children = (
				C9D6C5581F97AEB300499D12 /* CatNap */,
				C9D6C5571F97AEB300499D12 /* Products */,
			);
			sourceTree = "<group>";
		};
		C9D6C5571F97AEB300499D12 /* Products */ = {
			isa = PBXGroup;
			children = (
				C9D6C5561F97AEB300499D12 /* CatNap.app */,
			);
			name = Products;
			sourceTree = "<group>";
		};
		C9D6C5581F97AEB300499D12 /* CatNap */ = {
			isa = PBXGroup;
			children = (
				C9C48A7C1F97D9AB00AE9C4C /* Scenes */,
				C9D6C5591F97AEB300499D12 /* AppDelegate.swift */,
				C9E455391F9A592500837512 /* BedNode.swift */,
				C9E4553B1F9A5B1100837512 /* CatNode.swift */,
				C9D6C55D1F97AEB300499D12 /* Actions.sks */,
				C9D6C55F1F97AEB300499D12 /* GameScene.swift */,
				C9D6C5611F97AEB300499D12 /* GameViewController.swift */,
				C9D6C5631F97AEB300499D12 /* Main.storyboard */,
				C9D6C5661F97AEB300499D12 /* Assets.xcassets */,
				C9D6C5681F97AEB300499D12 /* LaunchScreen.storyboard */,
				C9D6C56B1F97AEB300499D12 /* Info.plist */,
			);
			path = CatNap;
			sourceTree = "<group>";
		};
		C9D6C5711F97B01600499D12 /* Sounds */ = {
			isa = PBXGroup;
			children = (
				C9D6C5721F97B01600499D12 /* backgroundMusic.mp3 */,
				C9D6C5731F97B01600499D12 /* lose.mp3 */,
				C9D6C5741F97B01600499D12 /* mrreow.mp3 */,
				C9D6C5751F97B01600499D12 /* pop.mp3 */,
				C9D6C5761F97B01600499D12 /* win.mp3 */,
			);
			path = Sounds;
			sourceTree = "<group>";
		};
/* End PBXGroup section */

/* Begin PBXNativeTarget section */
		C9D6C5551F97AEB300499D12 /* CatNap */ = {
			isa = PBXNativeTarget;
			buildConfigurationList = C9D6C56E1F97AEB300499D12 /* Build configuration list for PBXNativeTarget "CatNap" */;
			buildPhases = (
				C9D6C5521F97AEB300499D12 /* Sources */,
				C9D6C5531F97AEB300499D12 /* Frameworks */,
				C9D6C5541F97AEB300499D12 /* Resources */,
			);
			buildRules = (
			);
			dependencies = (
			);
			name = CatNap;
			productName = CatNap;
			productReference = C9D6C5561F97AEB300499D12 /* CatNap.app */;
			productType = "com.apple.product-type.application";
		};
/* End PBXNativeTarget section */

/* Begin PBXProject section */
		C9D6C54E1F97AEB300499D12 /* Project object */ = {
			isa = PBXProject;
			attributes = {
				LastSwiftUpdateCheck = 0900;
				LastUpgradeCheck = 0900;
				ORGANIZATIONNAME = "Matthew J. Perkins";
				TargetAttributes = {
					C9D6C5551F97AEB300499D12 = {
						CreatedOnToolsVersion = 9.0;
						ProvisioningStyle = Automatic;
					};
				};
			};
			buildConfigurationList = C9D6C5511F97AEB300499D12 /* Build configuration list for PBXProject "CatNap" */;
			compatibilityVersion = "Xcode 8.0";
			developmentRegion = en;
			hasScannedForEncodings = 0;
			knownRegions = (
				en,
				Base,
			);
			mainGroup = C9D6C54D1F97AEB300499D12;
			productRefGroup = C9D6C5571F97AEB300499D12 /* Products */;
			projectDirPath = "";
			projectRoot = "";
			targets = (
				C9D6C5551F97AEB300499D12 /* CatNap */,
			);
		};
/* End PBXProject section */

/* Begin PBXResourcesBuildPhase section */
		C9D6C5541F97AEB300499D12 /* Resources */ = {
			isa = PBXResourcesBuildPhase;
			buildActionMask = 2147483647;
			files = (
				C9C48A7E1F97DA1700AE9C4C /* Cats.sks in Resources */,
				C9C957E71F99161A003A6392 /* win.mp3 in Resources */,
				C9C957E41F991611003A6392 /* lose.mp3 in Resources */,
				C9C957E31F99160E003A6392 /* backgroundMusic.mp3 in Resources */,
				C9C957EB1F99175E003A6392 /* CatWakeUp.sks in Resources */,
				C9C957E91F99173E003A6392 /* CatCurl.sks in Resources */,
				C9D6C5651F97AEB300499D12 /* Main.storyboard in Resources */,
				C9C957E61F991618003A6392 /* pop.mp3 in Resources */,
				C9C957E51F991614003A6392 /* mrreow.mp3 in Resources */,
				C9D6C55C1F97AEB300499D12 /* GameScene.sks in Resources */,
				C9D6C5671F97AEB300499D12 /* Assets.xcassets in Resources */,
				C9D6C56A1F97AEB300499D12 /* LaunchScreen.storyboard in Resources */,
				C9D6C55E1F97AEB300499D12 /* Actions.sks in Resources */,
			);
			runOnlyForDeploymentPostprocessing = 0;
		};
/* End PBXResourcesBuildPhase section */

/* Begin PBXSourcesBuildPhase section */
		C9D6C5521F97AEB300499D12 /* Sources */ = {
			isa = PBXSourcesBuildPhase;
			buildActionMask = 2147483647;
			files = (
				C9D6C5601F97AEB300499D12 /* GameScene.swift in Sources */,
				C9E4553C1F9A5B1100837512 /* CatNode.swift in Sources */,
				C9E4553A1F9A592500837512 /* BedNode.swift in Sources */,
				C9D6C5621F97AEB300499D12 /* GameViewController.swift in Sources */,
				C9D6C55A1F97AEB300499D12 /* AppDelegate.swift in Sources */,
			);
			runOnlyForDeploymentPostprocessing = 0;
		};
/* End PBXSourcesBuildPhase section */

/* Begin PBXVariantGroup section */
		C9D6C5631F97AEB300499D12 /* Main.storyboard */ = {
			isa = PBXVariantGroup;
			children = (
				C9D6C5641F97AEB300499D12 /* Base */,
			);
			name = Main.storyboard;
			sourceTree = "<group>";
		};
		C9D6C5681F97AEB300499D12 /* LaunchScreen.storyboard */ = {
			isa = PBXVariantGroup;
			children = (
				C9D6C5691F97AEB300499D12 /* Base */,
			);
			name = LaunchScreen.storyboard;
			sourceTree = "<group>";
		};
/* End PBXVariantGroup section */

/* Begin XCBuildConfiguration section */
		C9D6C56C1F97AEB300499D12 /* Debug */ = {
			isa = XCBuildConfiguration;
			buildSettings = {
				ALWAYS_SEARCH_USER_PATHS = NO;
				CLANG_ANALYZER_NONNULL = YES;
				CLANG_ANALYZER_NUMBER_OBJECT_CONVERSION = YES_AGGRESSIVE;
				CLANG_CXX_LANGUAGE_STANDARD = "gnu++14";
				CLANG_CXX_LIBRARY = "libc++";
				CLANG_ENABLE_MODULES = YES;
				CLANG_ENABLE_OBJC_ARC = YES;
				CLANG_WARN_BLOCK_CAPTURE_AUTORELEASING = YES;
				CLANG_WARN_BOOL_CONVERSION = YES;
				CLANG_WARN_COMMA = YES;
				CLANG_WARN_CONSTANT_CONVERSION = YES;
				CLANG_WARN_DIRECT_OBJC_ISA_USAGE = YES_ERROR;
				CLANG_WARN_DOCUMENTATION_COMMENTS = YES;
				CLANG_WARN_EMPTY_BODY = YES;
				CLANG_WARN_ENUM_CONVERSION = YES;
				CLANG_WARN_INFINITE_RECURSION = YES;
				CLANG_WARN_INT_CONVERSION = YES;
				CLANG_WARN_NON_LITERAL_NULL_CONVERSION = YES;
				CLANG_WARN_OBJC_LITERAL_CONVERSION = YES;
				CLANG_WARN_OBJC_ROOT_CLASS = YES_ERROR;
				CLANG_WARN_RANGE_LOOP_ANALYSIS = YES;
				CLANG_WARN_STRICT_PROTOTYPES = YES;
				CLANG_WARN_SUSPICIOUS_MOVE = YES;
				CLANG_WARN_UNGUARDED_AVAILABILITY = YES_AGGRESSIVE;
				CLANG_WARN_UNREACHABLE_CODE = YES;
				CLANG_WARN__DUPLICATE_METHOD_MATCH = YES;
				CODE_SIGN_IDENTITY = "iPhone Developer";
				COPY_PHASE_STRIP = NO;
				DEBUG_INFORMATION_FORMAT = dwarf;
				ENABLE_STRICT_OBJC_MSGSEND = YES;
				ENABLE_TESTABILITY = YES;
				GCC_C_LANGUAGE_STANDARD = gnu11;
				GCC_DYNAMIC_NO_PIC = NO;
				GCC_NO_COMMON_BLOCKS = YES;
				GCC_OPTIMIZATION_LEVEL = 0;
				GCC_PREPROCESSOR_DEFINITIONS = (
					"DEBUG=1",
					"$(inherited)",
				);
				GCC_WARN_64_TO_32_BIT_CONVERSION = YES;
				GCC_WARN_ABOUT_RETURN_TYPE = YES_ERROR;
				GCC_WARN_UNDECLARED_SELECTOR = YES;
				GCC_WARN_UNINITIALIZED_AUTOS = YES_AGGRESSIVE;
				GCC_WARN_UNUSED_FUNCTION = YES;
				GCC_WARN_UNUSED_VARIABLE = YES;
				IPHONEOS_DEPLOYMENT_TARGET = 11.0;
				MTL_ENABLE_DEBUG_INFO = YES;
				ONLY_ACTIVE_ARCH = YES;
				SDKROOT = iphoneos;
				SWIFT_ACTIVE_COMPILATION_CONDITIONS = DEBUG;
				SWIFT_OPTIMIZATION_LEVEL = "-Onone";
			};
			name = Debug;
		};
		C9D6C56D1F97AEB300499D12 /* Release */ = {
			isa = XCBuildConfiguration;
			buildSettings = {
				ALWAYS_SEARCH_USER_PATHS = NO;
				CLANG_ANALYZER_NONNULL = YES;
				CLANG_ANALYZER_NUMBER_OBJECT_CONVERSION = YES_AGGRESSIVE;
				CLANG_CXX_LANGUAGE_STANDARD = "gnu++14";
				CLANG_CXX_LIBRARY = "libc++";
				CLANG_ENABLE_MODULES = YES;
				CLANG_ENABLE_OBJC_ARC = YES;
				CLANG_WARN_BLOCK_CAPTURE_AUTORELEASING = YES;
				CLANG_WARN_BOOL_CONVERSION = YES;
				CLANG_WARN_COMMA = YES;
				CLANG_WARN_CONSTANT_CONVERSION = YES;
				CLANG_WARN_DIRECT_OBJC_ISA_USAGE = YES_ERROR;
				CLANG_WARN_DOCUMENTATION_COMMENTS = YES;
				CLANG_WARN_EMPTY_BODY = YES;
				CLANG_WARN_ENUM_CONVERSION = YES;
				CLANG_WARN_INFINITE_RECURSION = YES;
				CLANG_WARN_INT_CONVERSION = YES;
				CLANG_WARN_NON_LITERAL_NULL_CONVERSION = YES;
				CLANG_WARN_OBJC_LITERAL_CONVERSION = YES;
				CLANG_WARN_OBJC_ROOT_CLASS = YES_ERROR;
				CLANG_WARN_RANGE_LOOP_ANALYSIS = YES;
				CLANG_WARN_STRICT_PROTOTYPES = YES;
				CLANG_WARN_SUSPICIOUS_MOVE = YES;
				CLANG_WARN_UNGUARDED_AVAILABILITY = YES_AGGRESSIVE;
				CLANG_WARN_UNREACHABLE_CODE = YES;
				CLANG_WARN__DUPLICATE_METHOD_MATCH = YES;
				CODE_SIGN_IDENTITY = "iPhone Developer";
				COPY_PHASE_STRIP = NO;
				DEBUG_INFORMATION_FORMAT = "dwarf-with-dsym";
				ENABLE_NS_ASSERTIONS = NO;
				ENABLE_STRICT_OBJC_MSGSEND = YES;
				GCC_C_LANGUAGE_STANDARD = gnu11;
				GCC_NO_COMMON_BLOCKS = YES;
				GCC_WARN_64_TO_32_BIT_CONVERSION = YES;
				GCC_WARN_ABOUT_RETURN_TYPE = YES_ERROR;
				GCC_WARN_UNDECLARED_SELECTOR = YES;
				GCC_WARN_UNINITIALIZED_AUTOS = YES_AGGRESSIVE;
				GCC_WARN_UNUSED_FUNCTION = YES;
				GCC_WARN_UNUSED_VARIABLE = YES;
				IPHONEOS_DEPLOYMENT_TARGET = 11.0;
				MTL_ENABLE_DEBUG_INFO = NO;
				SDKROOT = iphoneos;
				SWIFT_OPTIMIZATION_LEVEL = "-Owholemodule";
				VALIDATE_PRODUCT = YES;
			};
			name = Release;
		};
		C9D6C56F1F97AEB300499D12 /* Debug */ = {
			isa = XCBuildConfiguration;
			buildSettings = {
				ASSETCATALOG_COMPILER_APPICON_NAME = AppIcon;
				CODE_SIGN_STYLE = Automatic;
				DEVELOPMENT_TEAM = 6DW6U2V44H;
				INFOPLIST_FILE = CatNap/Info.plist;
				LD_RUNPATH_SEARCH_PATHS = "$(inherited) @executable_path/Frameworks";
				PRODUCT_BUNDLE_IDENTIFIER = Perkins.CatNap;
				PRODUCT_NAME = "$(TARGET_NAME)";
				SWIFT_VERSION = 4.0;
				TARGETED_DEVICE_FAMILY = "1,2";
			};
			name = Debug;
		};
		C9D6C5701F97AEB300499D12 /* Release */ = {
			isa = XCBuildConfiguration;
			buildSettings = {
				ASSETCATALOG_COMPILER_APPICON_NAME = AppIcon;
				CODE_SIGN_STYLE = Automatic;
				DEVELOPMENT_TEAM = 6DW6U2V44H;
				INFOPLIST_FILE = CatNap/Info.plist;
				LD_RUNPATH_SEARCH_PATHS = "$(inherited) @executable_path/Frameworks";
				PRODUCT_BUNDLE_IDENTIFIER = Perkins.CatNap;
				PRODUCT_NAME = "$(TARGET_NAME)";
				SWIFT_VERSION = 4.0;
				TARGETED_DEVICE_FAMILY = "1,2";
			};
			name = Release;
		};
/* End XCBuildConfiguration section */

/* Begin XCConfigurationList section */
		C9D6C5511F97AEB300499D12 /* Build configuration list for PBXProject "CatNap" */ = {
			isa = XCConfigurationList;
			buildConfigurations = (
				C9D6C56C1F97AEB300499D12 /* Debug */,
				C9D6C56D1F97AEB300499D12 /* Release */,
			);
			defaultConfigurationIsVisible = 0;
			defaultConfigurationName = Release;
		};
		C9D6C56E1F97AEB300499D12 /* Build configuration list for PBXNativeTarget "CatNap" */ = {
			isa = XCConfigurationList;
			buildConfigurations = (
				C9D6C56F1F97AEB300499D12 /* Debug */,
				C9D6C5701F97AEB300499D12 /* Release */,
			);
			defaultConfigurationIsVisible = 0;
			defaultConfigurationName = Release;
		};
/* End XCConfigurationList section */
	};
	rootObject = C9D6C54E1F97AEB300499D12 /* Project object */;
}
